
Microsoft Visual Studio Solution File, Format Version 12.00
# Visual Studio 15
VisualStudioVersion = 15.0.27703.2018
MinimumVisualStudioVersion = 10.0.40219.1
Project("{FAE04EC0-301F-11D3-BF4B-00C04F79EFBC}") = "Untitled", "Untitled\Untitled.csproj", "{1CB2C8EB-FB99-4BF2-BCD8-F82BDE0C3FFF}"
EndProject
Global
	GlobalSection(SolutionConfigurationPlatforms) = preSolution
		Debug|Any CPU = Debug|Any CPU
		Release|Any CPU = Release|Any CPU
	EndGlobalSection
	GlobalSection(ProjectConfigurationPlatforms) = postSolution
		{1CB2C8EB-FB99-4BF2-BCD8-F82BDE0C3FFF}.Debug|Any CPU.ActiveCfg = Debug|Any CPU
		{1CB2C8EB-FB99-4BF2-BCD8-F82BDE0C3FFF}.Debug|Any CPU.Build.0 = Debug|Any CPU
		{1CB2C8EB-FB99-4BF2-BCD8-F82BDE0C3FFF}.Release|Any CPU.ActiveCfg = Release|Any CPU
		{1CB2C8EB-FB99-4BF2-BCD8-F82BDE0C3FFF}.Release|Any CPU.Build.0 = Release|Any CPU
	EndGlobalSection
	GlobalSection(SolutionProperties) = preSolution
		HideSolutionNode = FALSE
	EndGlobalSection
	GlobalSection(ExtensibilityGlobals) = postSolution
		SolutionGuid = {7C48FF7F-5946-4F64-BB89-4BB253472D03}
	EndGlobalSection
EndGlobal
